// !$*UTF8*$!
{
	archiveVersion = 1;
	classes = {
	};
	objectVersion = 46;
	objects = {

/* Begin PBXBuildFile section */
		49E0A8C5479CE0967518CE4E /* libPods-VideoPlay.a in Frameworks */ = {isa = PBXBuildFile; fileRef = 4EA8166C5677C1B89717D7E9 /* libPods-VideoPlay.a */; };
		56183A801D3F1A420028CDCF /* QNUploadFileManager.m in Sources */ = {isa = PBXBuildFile; fileRef = 56183A7F1D3F1A420028CDCF /* QNUploadFileManager.m */; };
		56183A9E1D3F1E530028CDCF /* NSBundle+EXtension.m in Sources */ = {isa = PBXBuildFile; fileRef = 56183A841D3F1E530028CDCF /* NSBundle+EXtension.m */; };
		56183A9F1D3F1E530028CDCF /* NSDate+EXtension.m in Sources */ = {isa = PBXBuildFile; fileRef = 56183A861D3F1E530028CDCF /* NSDate+EXtension.m */; };
		56183AA01D3F1E530028CDCF /* NSDictionary+EXtension.m in Sources */ = {isa = PBXBuildFile; fileRef = 56183A881D3F1E530028CDCF /* NSDictionary+EXtension.m */; };
		56183AA21D3F1E530028CDCF /* NSString+EXtension.m in Sources */ = {isa = PBXBuildFile; fileRef = 56183A8C1D3F1E530028CDCF /* NSString+EXtension.m */; };
		56183AA31D3F1E530028CDCF /* UIColor+EXtension.m in Sources */ = {isa = PBXBuildFile; fileRef = 56183A8E1D3F1E530028CDCF /* UIColor+EXtension.m */; };
		56183AA41D3F1E530028CDCF /* UIDevice+EXtension.m in Sources */ = {isa = PBXBuildFile; fileRef = 56183A901D3F1E530028CDCF /* UIDevice+EXtension.m */; };
		56183AA51D3F1E530028CDCF /* UIImage+EXtension.m in Sources */ = {isa = PBXBuildFile; fileRef = 56183A921D3F1E530028CDCF /* UIImage+EXtension.m */; };
		56183AA61D3F1E530028CDCF /* UIScrollView+EXtention.m in Sources */ = {isa = PBXBuildFile; fileRef = 56183A941D3F1E530028CDCF /* UIScrollView+EXtention.m */; };
		56183AA81D3F1E530028CDCF /* EXFileManager.m in Sources */ = {isa = PBXBuildFile; fileRef = 56183A981D3F1E530028CDCF /* EXFileManager.m */; };
		56183AA91D3F1E530028CDCF /* LocalPushCenter.m in Sources */ = {isa = PBXBuildFile; fileRef = 56183A9B1D3F1E530028CDCF /* LocalPushCenter.m */; };
		56183AAA1D3F1E530028CDCF /* NSStringValidation.m in Sources */ = {isa = PBXBuildFile; fileRef = 56183A9D1D3F1E530028CDCF /* NSStringValidation.m */; };
		56183AAD1D3F26810028CDCF /* EXCallbackHandle.m in Sources */ = {isa = PBXBuildFile; fileRef = 56183AAC1D3F26810028CDCF /* EXCallbackHandle.m */; };
		56183AB21D3F30FB0028CDCF /* UIView+EXtension.m in Sources */ = {isa = PBXBuildFile; fileRef = 56183AB11D3F30FB0028CDCF /* UIView+EXtension.m */; };
		56413D6F1D3C81CE008F07F2 /* main.m in Sources */ = {isa = PBXBuildFile; fileRef = 56413D6E1D3C81CE008F07F2 /* main.m */; };
		56413D721D3C81CE008F07F2 /* AppDelegate.m in Sources */ = {isa = PBXBuildFile; fileRef = 56413D711D3C81CE008F07F2 /* AppDelegate.m */; };
		56413D881D3C81CE008F07F2 /* VideoPlayTests.m in Sources */ = {isa = PBXBuildFile; fileRef = 56413D871D3C81CE008F07F2 /* VideoPlayTests.m */; };
		56413D931D3C81CE008F07F2 /* VideoPlayUITests.m in Sources */ = {isa = PBXBuildFile; fileRef = 56413D921D3C81CE008F07F2 /* VideoPlayUITests.m */; };
		56413DA71D3C8729008F07F2 /* Assets.xcassets in Resources */ = {isa = PBXBuildFile; fileRef = 56413DA21D3C8729008F07F2 /* Assets.xcassets */; };
		56413DA91D3C8729008F07F2 /* VDImagePickerViewController.m in Sources */ = {isa = PBXBuildFile; fileRef = 56413DA61D3C8729008F07F2 /* VDImagePickerViewController.m */; };
		56C681811D3DDCFE000F45C4 /* VDVideoRecordListViewController.m in Sources */ = {isa = PBXBuildFile; fileRef = 56C681801D3DDCFE000F45C4 /* VDVideoRecordListViewController.m */; };
		56C681841D3DDEA3000F45C4 /* VDCustomPickerViewController.m in Sources */ = {isa = PBXBuildFile; fileRef = 56C681831D3DDEA3000F45C4 /* VDCustomPickerViewController.m */; };
		56C681871D3DF424000F45C4 /* VDMKVideoViewController.m in Sources */ = {isa = PBXBuildFile; fileRef = 56C681861D3DF424000F45C4 /* VDMKVideoViewController.m */; };
		56C6818A1D3DF44C000F45C4 /* VDPostViewController.m in Sources */ = {isa = PBXBuildFile; fileRef = 56C681891D3DF44C000F45C4 /* VDPostViewController.m */; };
/* End PBXBuildFile section */

/* Begin PBXContainerItemProxy section */
		56413D841D3C81CE008F07F2 /* PBXContainerItemProxy */ = {
			isa = PBXContainerItemProxy;
			containerPortal = 56413D621D3C81CD008F07F2 /* Project object */;
			proxyType = 1;
			remoteGlobalIDString = 56413D691D3C81CE008F07F2;
			remoteInfo = VideoPlay;
		};
		56413D8F1D3C81CE008F07F2 /* PBXContainerItemProxy */ = {
			isa = PBXContainerItemProxy;
			containerPortal = 56413D621D3C81CD008F07F2 /* Project object */;
			proxyType = 1;
			remoteGlobalIDString = 56413D691D3C81CE008F07F2;
			remoteInfo = VideoPlay;
		};
/* End PBXContainerItemProxy section */

/* Begin PBXFileReference section */
		4EA8166C5677C1B89717D7E9 /* libPods-VideoPlay.a */ = {isa = PBXFileReference; explicitFileType = archive.ar; includeInIndex = 0; path = "libPods-VideoPlay.a"; sourceTree = BUILT_PRODUCTS_DIR; };
		56183A7E1D3F1A420028CDCF /* QNUploadFileManager.h */ = {isa = PBXFileReference; fileEncoding = 4; lastKnownFileType = sourcecode.c.h; path = QNUploadFileManager.h; sourceTree = "<group>"; };
		56183A7F1D3F1A420028CDCF /* QNUploadFileManager.m */ = {isa = PBXFileReference; fileEncoding = 4; lastKnownFileType = sourcecode.c.objc; path = QNUploadFileManager.m; sourceTree = "<group>"; };
		56183A831D3F1E530028CDCF /* NSBundle+EXtension.h */ = {isa = PBXFileReference; fileEncoding = 4; lastKnownFileType = sourcecode.c.h; path = "NSBundle+EXtension.h"; sourceTree = "<group>"; };
		56183A841D3F1E530028CDCF /* NSBundle+EXtension.m */ = {isa = PBXFileReference; fileEncoding = 4; lastKnownFileType = sourcecode.c.objc; path = "NSBundle+EXtension.m"; sourceTree = "<group>"; };
		56183A851D3F1E530028CDCF /* NSDate+EXtension.h */ = {isa = PBXFileReference; fileEncoding = 4; lastKnownFileType = sourcecode.c.h; path = "NSDate+EXtension.h"; sourceTree = "<group>"; };
		56183A861D3F1E530028CDCF /* NSDate+EXtension.m */ = {isa = PBXFileReference; fileEncoding = 4; lastKnownFileType = sourcecode.c.objc; path = "NSDate+EXtension.m"; sourceTree = "<group>"; };
		56183A871D3F1E530028CDCF /* NSDictionary+EXtension.h */ = {isa = PBXFileReference; fileEncoding = 4; lastKnownFileType = sourcecode.c.h; path = "NSDictionary+EXtension.h"; sourceTree = "<group>"; };
		56183A881D3F1E530028CDCF /* NSDictionary+EXtension.m */ = {isa = PBXFileReference; fileEncoding = 4; lastKnownFileType = sourcecode.c.objc; path = "NSDictionary+EXtension.m"; sourceTree = "<group>"; };
		56183A8B1D3F1E530028CDCF /* NSString+EXtension.h */ = {isa = PBXFileReference; fileEncoding = 4; lastKnownFileType = sourcecode.c.h; path = "NSString+EXtension.h"; sourceTree = "<group>"; };
		56183A8C1D3F1E530028CDCF /* NSString+EXtension.m */ = {isa = PBXFileReference; fileEncoding = 4; lastKnownFileType = sourcecode.c.objc; path = "NSString+EXtension.m"; sourceTree = "<group>"; };
		56183A8D1D3F1E530028CDCF /* UIColor+EXtension.h */ = {isa = PBXFileReference; fileEncoding = 4; lastKnownFileType = sourcecode.c.h; path = "UIColor+EXtension.h"; sourceTree = "<group>"; };
		56183A8E1D3F1E530028CDCF /* UIColor+EXtension.m */ = {isa = PBXFileReference; fileEncoding = 4; lastKnownFileType = sourcecode.c.objc; path = "UIColor+EXtension.m"; sourceTree = "<group>"; };
		56183A8F1D3F1E530028CDCF /* UIDevice+EXtension.h */ = {isa = PBXFileReference; fileEncoding = 4; lastKnownFileType = sourcecode.c.h; path = "UIDevice+EXtension.h"; sourceTree = "<group>"; };
		56183A901D3F1E530028CDCF /* UIDevice+EXtension.m */ = {isa = PBXFileReference; fileEncoding = 4; lastKnownFileType = sourcecode.c.objc; path = "UIDevice+EXtension.m"; sourceTree = "<group>"; };
		56183A911D3F1E530028CDCF /* UIImage+EXtension.h */ = {isa = PBXFileReference; fileEncoding = 4; lastKnownFileType = sourcecode.c.h; path = "UIImage+EXtension.h"; sourceTree = "<group>"; };
		56183A921D3F1E530028CDCF /* UIImage+EXtension.m */ = {isa = PBXFileReference; fileEncoding = 4; lastKnownFileType = sourcecode.c.objc; path = "UIImage+EXtension.m"; sourceTree = "<group>"; };
		56183A931D3F1E530028CDCF /* UIScrollView+EXtention.h */ = {isa = PBXFileReference; fileEncoding = 4; lastKnownFileType = sourcecode.c.h; path = "UIScrollView+EXtention.h"; sourceTree = "<group>"; };
		56183A941D3F1E530028CDCF /* UIScrollView+EXtention.m */ = {isa = PBXFileReference; fileEncoding = 4; lastKnownFileType = sourcecode.c.objc; path = "UIScrollView+EXtention.m"; sourceTree = "<group>"; };
		56183A971D3F1E530028CDCF /* EXFileManager.h */ = {isa = PBXFileReference; fileEncoding = 4; lastKnownFileType = sourcecode.c.h; path = EXFileManager.h; sourceTree = "<group>"; };
		56183A981D3F1E530028CDCF /* EXFileManager.m */ = {isa = PBXFileReference; fileEncoding = 4; lastKnownFileType = sourcecode.c.objc; path = EXFileManager.m; sourceTree = "<group>"; };
		56183A991D3F1E530028CDCF /* EXUtilImport.h */ = {isa = PBXFileReference; fileEncoding = 4; lastKnownFileType = sourcecode.c.h; path = EXUtilImport.h; sourceTree = "<group>"; };
		56183A9A1D3F1E530028CDCF /* LocalPushCenter.h */ = {isa = PBXFileReference; fileEncoding = 4; lastKnownFileType = sourcecode.c.h; path = LocalPushCenter.h; sourceTree = "<group>"; };
		56183A9B1D3F1E530028CDCF /* LocalPushCenter.m */ = {isa = PBXFileReference; fileEncoding = 4; lastKnownFileType = sourcecode.c.objc; path = LocalPushCenter.m; sourceTree = "<group>"; };
		56183A9C1D3F1E530028CDCF /* NSStringValidation.h */ = {isa = PBXFileReference; fileEncoding = 4; lastKnownFileType = sourcecode.c.h; path = NSStringValidation.h; sourceTree = "<group>"; };
		56183A9D1D3F1E530028CDCF /* NSStringValidation.m */ = {isa = PBXFileReference; fileEncoding = 4; lastKnownFileType = sourcecode.c.objc; path = NSStringValidation.m; sourceTree = "<group>"; };
		56183AAB1D3F26810028CDCF /* EXCallbackHandle.h */ = {isa = PBXFileReference; fileEncoding = 4; lastKnownFileType = sourcecode.c.h; path = EXCallbackHandle.h; sourceTree = "<group>"; };
		56183AAC1D3F26810028CDCF /* EXCallbackHandle.m */ = {isa = PBXFileReference; fileEncoding = 4; lastKnownFileType = sourcecode.c.objc; path = EXCallbackHandle.m; sourceTree = "<group>"; };
		56183AAF1D3F2D8F0028CDCF /* VDCommonUI.h */ = {isa = PBXFileReference; fileEncoding = 4; lastKnownFileType = sourcecode.c.h; path = VDCommonUI.h; sourceTree = "<group>"; };
		56183AB01D3F30FB0028CDCF /* UIView+EXtension.h */ = {isa = PBXFileReference; fileEncoding = 4; lastKnownFileType = sourcecode.c.h; path = "UIView+EXtension.h"; sourceTree = "<group>"; };
		56183AB11D3F30FB0028CDCF /* UIView+EXtension.m */ = {isa = PBXFileReference; fileEncoding = 4; lastKnownFileType = sourcecode.c.objc; path = "UIView+EXtension.m"; sourceTree = "<group>"; };
		56413D6A1D3C81CE008F07F2 /* VideoPlay.app */ = {isa = PBXFileReference; explicitFileType = wrapper.application; includeInIndex = 0; path = VideoPlay.app; sourceTree = BUILT_PRODUCTS_DIR; };
		56413D6E1D3C81CE008F07F2 /* main.m */ = {isa = PBXFileReference; lastKnownFileType = sourcecode.c.objc; path = main.m; sourceTree = "<group>"; };
		56413D701D3C81CE008F07F2 /* AppDelegate.h */ = {isa = PBXFileReference; lastKnownFileType = sourcecode.c.h; path = AppDelegate.h; sourceTree = "<group>"; };
		56413D711D3C81CE008F07F2 /* AppDelegate.m */ = {isa = PBXFileReference; lastKnownFileType = sourcecode.c.objc; path = AppDelegate.m; sourceTree = "<group>"; };
		56413D831D3C81CE008F07F2 /* VideoPlayTests.xctest */ = {isa = PBXFileReference; explicitFileType = wrapper.cfbundle; includeInIndex = 0; path = VideoPlayTests.xctest; sourceTree = BUILT_PRODUCTS_DIR; };
		56413D871D3C81CE008F07F2 /* VideoPlayTests.m */ = {isa = PBXFileReference; lastKnownFileType = sourcecode.c.objc; path = VideoPlayTests.m; sourceTree = "<group>"; };
		56413D891D3C81CE008F07F2 /* Info.plist */ = {isa = PBXFileReference; lastKnownFileType = text.plist.xml; path = Info.plist; sourceTree = "<group>"; };
		56413D8E1D3C81CE008F07F2 /* VideoPlayUITests.xctest */ = {isa = PBXFileReference; explicitFileType = wrapper.cfbundle; includeInIndex = 0; path = VideoPlayUITests.xctest; sourceTree = BUILT_PRODUCTS_DIR; };
		56413D921D3C81CE008F07F2 /* VideoPlayUITests.m */ = {isa = PBXFileReference; lastKnownFileType = sourcecode.c.objc; path = VideoPlayUITests.m; sourceTree = "<group>"; };
		56413D941D3C81CE008F07F2 /* Info.plist */ = {isa = PBXFileReference; lastKnownFileType = text.plist.xml; path = Info.plist; sourceTree = "<group>"; };
		56413DA21D3C8729008F07F2 /* Assets.xcassets */ = {isa = PBXFileReference; lastKnownFileType = folder.assetcatalog; path = Assets.xcassets; sourceTree = "<group>"; };
		56413DA31D3C8729008F07F2 /* Info.plist */ = {isa = PBXFileReference; fileEncoding = 4; lastKnownFileType = text.plist.xml; path = Info.plist; sourceTree = "<group>"; };
		56413DA51D3C8729008F07F2 /* VDImagePickerViewController.h */ = {isa = PBXFileReference; fileEncoding = 4; lastKnownFileType = sourcecode.c.h; path = VDImagePickerViewController.h; sourceTree = "<group>"; };
		56413DA61D3C8729008F07F2 /* VDImagePickerViewController.m */ = {isa = PBXFileReference; fileEncoding = 4; lastKnownFileType = sourcecode.c.objc; path = VDImagePickerViewController.m; sourceTree = "<group>"; };
		56413DAC1D3C8C8C008F07F2 /* VideoPlay-PrefixHeader.pch */ = {isa = PBXFileReference; fileEncoding = 4; lastKnownFileType = sourcecode.c.h; path = "VideoPlay-PrefixHeader.pch"; sourceTree = "<group>"; };
		56C6817F1D3DDCFE000F45C4 /* VDVideoRecordListViewController.h */ = {isa = PBXFileReference; fileEncoding = 4; lastKnownFileType = sourcecode.c.h; path = VDVideoRecordListViewController.h; sourceTree = "<group>"; };
		56C681801D3DDCFE000F45C4 /* VDVideoRecordListViewController.m */ = {isa = PBXFileReference; fileEncoding = 4; lastKnownFileType = sourcecode.c.objc; path = VDVideoRecordListViewController.m; sourceTree = "<group>"; };
		56C681821D3DDEA3000F45C4 /* VDCustomPickerViewController.h */ = {isa = PBXFileReference; fileEncoding = 4; lastKnownFileType = sourcecode.c.h; path = VDCustomPickerViewController.h; sourceTree = "<group>"; };
		56C681831D3DDEA3000F45C4 /* VDCustomPickerViewController.m */ = {isa = PBXFileReference; fileEncoding = 4; lastKnownFileType = sourcecode.c.objc; path = VDCustomPickerViewController.m; sourceTree = "<group>"; };
		56C681851D3DF424000F45C4 /* VDMKVideoViewController.h */ = {isa = PBXFileReference; fileEncoding = 4; lastKnownFileType = sourcecode.c.h; path = VDMKVideoViewController.h; sourceTree = "<group>"; };
		56C681861D3DF424000F45C4 /* VDMKVideoViewController.m */ = {isa = PBXFileReference; fileEncoding = 4; lastKnownFileType = sourcecode.c.objc; path = VDMKVideoViewController.m; sourceTree = "<group>"; };
		56C681881D3DF44C000F45C4 /* VDPostViewController.h */ = {isa = PBXFileReference; fileEncoding = 4; lastKnownFileType = sourcecode.c.h; path = VDPostViewController.h; sourceTree = "<group>"; };
		56C681891D3DF44C000F45C4 /* VDPostViewController.m */ = {isa = PBXFileReference; fileEncoding = 4; lastKnownFileType = sourcecode.c.objc; path = VDPostViewController.m; sourceTree = "<group>"; };
		94AD31796E52A2C3269B098E /* Pods-VideoPlay.debug.xcconfig */ = {isa = PBXFileReference; includeInIndex = 1; lastKnownFileType = text.xcconfig; name = "Pods-VideoPlay.debug.xcconfig"; path = "../Pods/Target Support Files/Pods-VideoPlay/Pods-VideoPlay.debug.xcconfig"; sourceTree = "<group>"; };
		CE7FD921F8257B6C67308169 /* Pods-VideoPlay.release.xcconfig */ = {isa = PBXFileReference; includeInIndex = 1; lastKnownFileType = text.xcconfig; name = "Pods-VideoPlay.release.xcconfig"; path = "../Pods/Target Support Files/Pods-VideoPlay/Pods-VideoPlay.release.xcconfig"; sourceTree = "<group>"; };
/* End PBXFileReference section */

/* Begin PBXFrameworksBuildPhase section */
		56413D671D3C81CE008F07F2 /* Frameworks */ = {
			isa = PBXFrameworksBuildPhase;
			buildActionMask = 2147483647;
			files = (
				49E0A8C5479CE0967518CE4E /* libPods-VideoPlay.a in Frameworks */,
			);
			runOnlyForDeploymentPostprocessing = 0;
		};
		56413D801D3C81CE008F07F2 /* Frameworks */ = {
			isa = PBXFrameworksBuildPhase;
			buildActionMask = 2147483647;
			files = (
			);
			runOnlyForDeploymentPostprocessing = 0;
		};
		56413D8B1D3C81CE008F07F2 /* Frameworks */ = {
			isa = PBXFrameworksBuildPhase;
			buildActionMask = 2147483647;
			files = (
			);
			runOnlyForDeploymentPostprocessing = 0;
		};
/* End PBXFrameworksBuildPhase section */

/* Begin PBXGroup section */
		189B35218C18E3F21A249402 /* Pods */ = {
			isa = PBXGroup;
			children = (
				94AD31796E52A2C3269B098E /* Pods-VideoPlay.debug.xcconfig */,
				CE7FD921F8257B6C67308169 /* Pods-VideoPlay.release.xcconfig */,
			);
			name = Pods;
			sourceTree = "<group>";
		};
		56183A7D1D3F1A110028CDCF /* CoreModule */ = {
			isa = PBXGroup;
			children = (
				56183A7E1D3F1A420028CDCF /* QNUploadFileManager.h */,
				56183A7F1D3F1A420028CDCF /* QNUploadFileManager.m */,
			);
			path = CoreModule;
			sourceTree = "<group>";
		};
		56183A811D3F1E530028CDCF /* Util */ = {
			isa = PBXGroup;
			children = (
				56183A821D3F1E530028CDCF /* Category */,
				56183A971D3F1E530028CDCF /* EXFileManager.h */,
				56183A981D3F1E530028CDCF /* EXFileManager.m */,
				56183AAB1D3F26810028CDCF /* EXCallbackHandle.h */,
				56183AAC1D3F26810028CDCF /* EXCallbackHandle.m */,
				56183A991D3F1E530028CDCF /* EXUtilImport.h */,
				56183A9A1D3F1E530028CDCF /* LocalPushCenter.h */,
				56183A9B1D3F1E530028CDCF /* LocalPushCenter.m */,
				56183A9C1D3F1E530028CDCF /* NSStringValidation.h */,
				56183A9D1D3F1E530028CDCF /* NSStringValidation.m */,
			);
			path = Util;
			sourceTree = "<group>";
		};
		56183A821D3F1E530028CDCF /* Category */ = {
			isa = PBXGroup;
			children = (
				56183AB01D3F30FB0028CDCF /* UIView+EXtension.h */,
				56183AB11D3F30FB0028CDCF /* UIView+EXtension.m */,
				56183A831D3F1E530028CDCF /* NSBundle+EXtension.h */,
				56183A841D3F1E530028CDCF /* NSBundle+EXtension.m */,
				56183A851D3F1E530028CDCF /* NSDate+EXtension.h */,
				56183A861D3F1E530028CDCF /* NSDate+EXtension.m */,
				56183A871D3F1E530028CDCF /* NSDictionary+EXtension.h */,
				56183A881D3F1E530028CDCF /* NSDictionary+EXtension.m */,
				56183A8B1D3F1E530028CDCF /* NSString+EXtension.h */,
				56183A8C1D3F1E530028CDCF /* NSString+EXtension.m */,
				56183A8D1D3F1E530028CDCF /* UIColor+EXtension.h */,
				56183A8E1D3F1E530028CDCF /* UIColor+EXtension.m */,
				56183A8F1D3F1E530028CDCF /* UIDevice+EXtension.h */,
				56183A901D3F1E530028CDCF /* UIDevice+EXtension.m */,
				56183A911D3F1E530028CDCF /* UIImage+EXtension.h */,
				56183A921D3F1E530028CDCF /* UIImage+EXtension.m */,
				56183A931D3F1E530028CDCF /* UIScrollView+EXtention.h */,
				56183A941D3F1E530028CDCF /* UIScrollView+EXtention.m */,
			);
			path = Category;
			sourceTree = "<group>";
		};
		56183AAE1D3F2D5C0028CDCF /* CommonUI */ = {
			isa = PBXGroup;
			children = (
				56183AAF1D3F2D8F0028CDCF /* VDCommonUI.h */,
			);
			path = CommonUI;
			sourceTree = "<group>";
		};
		56413D611D3C81CD008F07F2 = {
			isa = PBXGroup;
			children = (
				56413D6C1D3C81CE008F07F2 /* VideoPlay */,
				56413D861D3C81CE008F07F2 /* VideoPlayTests */,
				56413D911D3C81CE008F07F2 /* VideoPlayUITests */,
				56413D6B1D3C81CE008F07F2 /* Products */,
				189B35218C18E3F21A249402 /* Pods */,
				5F63F720EDD06A8EFE07C9E7 /* Frameworks */,
			);
			sourceTree = "<group>";
		};
		56413D6B1D3C81CE008F07F2 /* Products */ = {
			isa = PBXGroup;
			children = (
				56413D6A1D3C81CE008F07F2 /* VideoPlay.app */,
				56413D831D3C81CE008F07F2 /* VideoPlayTests.xctest */,
				56413D8E1D3C81CE008F07F2 /* VideoPlayUITests.xctest */,
			);
			name = Products;
			sourceTree = "<group>";
		};
		56413D6C1D3C81CE008F07F2 /* VideoPlay */ = {
			isa = PBXGroup;
			children = (
				56183A7D1D3F1A110028CDCF /* CoreModule */,
				56413D701D3C81CE008F07F2 /* AppDelegate.h */,
				56413D711D3C81CE008F07F2 /* AppDelegate.m */,
				56413DA41D3C8729008F07F2 /* UserInterface */,
				56413DA01D3C8729008F07F2 /* NetWork */,
				56183A811D3F1E530028CDCF /* Util */,
				56413DA11D3C8729008F07F2 /* Resource */,
				56413D6D1D3C81CE008F07F2 /* Supporting Files */,
			);
			path = VideoPlay;
			sourceTree = "<group>";
		};
		56413D6D1D3C81CE008F07F2 /* Supporting Files */ = {
			isa = PBXGroup;
			children = (
				56413D6E1D3C81CE008F07F2 /* main.m */,
				56413DAC1D3C8C8C008F07F2 /* VideoPlay-PrefixHeader.pch */,
			);
			name = "Supporting Files";
			sourceTree = "<group>";
		};
		56413D861D3C81CE008F07F2 /* VideoPlayTests */ = {
			isa = PBXGroup;
			children = (
				56413D871D3C81CE008F07F2 /* VideoPlayTests.m */,
				56413D891D3C81CE008F07F2 /* Info.plist */,
			);
			path = VideoPlayTests;
			sourceTree = "<group>";
		};
		56413D911D3C81CE008F07F2 /* VideoPlayUITests */ = {
			isa = PBXGroup;
			children = (
				56413D921D3C81CE008F07F2 /* VideoPlayUITests.m */,
				56413D941D3C81CE008F07F2 /* Info.plist */,
			);
			path = VideoPlayUITests;
			sourceTree = "<group>";
		};
		56413DA01D3C8729008F07F2 /* NetWork */ = {
			isa = PBXGroup;
			children = (
			);
			path = NetWork;
			sourceTree = "<group>";
		};
		56413DA11D3C8729008F07F2 /* Resource */ = {
			isa = PBXGroup;
			children = (
				56413DA21D3C8729008F07F2 /* Assets.xcassets */,
				56413DA31D3C8729008F07F2 /* Info.plist */,
			);
			path = Resource;
			sourceTree = "<group>";
		};
		56413DA41D3C8729008F07F2 /* UserInterface */ = {
			isa = PBXGroup;
			children = (
				56183AAE1D3F2D5C0028CDCF /* CommonUI */,
				56413DA51D3C8729008F07F2 /* VDImagePickerViewController.h */,
				56413DA61D3C8729008F07F2 /* VDImagePickerViewController.m */,
				56C6817F1D3DDCFE000F45C4 /* VDVideoRecordListViewController.h */,
				56C681801D3DDCFE000F45C4 /* VDVideoRecordListViewController.m */,
				56C681821D3DDEA3000F45C4 /* VDCustomPickerViewController.h */,
				56C681831D3DDEA3000F45C4 /* VDCustomPickerViewController.m */,
				56C681851D3DF424000F45C4 /* VDMKVideoViewController.h */,
				56C681861D3DF424000F45C4 /* VDMKVideoViewController.m */,
				56C681881D3DF44C000F45C4 /* VDPostViewController.h */,
				56C681891D3DF44C000F45C4 /* VDPostViewController.m */,
			);
			path = UserInterface;
			sourceTree = "<group>";
		};
		5F63F720EDD06A8EFE07C9E7 /* Frameworks */ = {
			isa = PBXGroup;
			children = (
				4EA8166C5677C1B89717D7E9 /* libPods-VideoPlay.a */,
			);
			name = Frameworks;
			sourceTree = "<group>";
		};
/* End PBXGroup section */

/* Begin PBXNativeTarget section */
		56413D691D3C81CE008F07F2 /* VideoPlay */ = {
			isa = PBXNativeTarget;
			buildConfigurationList = 56413D971D3C81CE008F07F2 /* Build configuration list for PBXNativeTarget "VideoPlay" */;
			buildPhases = (
				AD532C913026B31F7592A59C /* 📦 Check Pods Manifest.lock */,
				56413D661D3C81CE008F07F2 /* Sources */,
				56413D671D3C81CE008F07F2 /* Frameworks */,
				56413D681D3C81CE008F07F2 /* Resources */,
				DEC0959348D8AEE7F6497288 /* 📦 Embed Pods Frameworks */,
				D071A8736084565F7D55E244 /* 📦 Copy Pods Resources */,
			);
			buildRules = (
			);
			dependencies = (
			);
			name = VideoPlay;
			productName = VideoPlay;
			productReference = 56413D6A1D3C81CE008F07F2 /* VideoPlay.app */;
			productType = "com.apple.product-type.application";
		};
		56413D821D3C81CE008F07F2 /* VideoPlayTests */ = {
			isa = PBXNativeTarget;
			buildConfigurationList = 56413D9A1D3C81CE008F07F2 /* Build configuration list for PBXNativeTarget "VideoPlayTests" */;
			buildPhases = (
				56413D7F1D3C81CE008F07F2 /* Sources */,
				56413D801D3C81CE008F07F2 /* Frameworks */,
				56413D811D3C81CE008F07F2 /* Resources */,
			);
			buildRules = (
			);
			dependencies = (
				56413D851D3C81CE008F07F2 /* PBXTargetDependency */,
			);
			name = VideoPlayTests;
			productName = VideoPlayTests;
			productReference = 56413D831D3C81CE008F07F2 /* VideoPlayTests.xctest */;
			productType = "com.apple.product-type.bundle.unit-test";
		};
		56413D8D1D3C81CE008F07F2 /* VideoPlayUITests */ = {
			isa = PBXNativeTarget;
			buildConfigurationList = 56413D9D1D3C81CE008F07F2 /* Build configuration list for PBXNativeTarget "VideoPlayUITests" */;
			buildPhases = (
				56413D8A1D3C81CE008F07F2 /* Sources */,
				56413D8B1D3C81CE008F07F2 /* Frameworks */,
				56413D8C1D3C81CE008F07F2 /* Resources */,
			);
			buildRules = (
			);
			dependencies = (
				56413D901D3C81CE008F07F2 /* PBXTargetDependency */,
			);
			name = VideoPlayUITests;
			productName = VideoPlayUITests;
			productReference = 56413D8E1D3C81CE008F07F2 /* VideoPlayUITests.xctest */;
			productType = "com.apple.product-type.bundle.ui-testing";
		};
/* End PBXNativeTarget section */

/* Begin PBXProject section */
		56413D621D3C81CD008F07F2 /* Project object */ = {
			isa = PBXProject;
			attributes = {
				CLASSPREFIX = VD;
				LastUpgradeCheck = 0730;
				ORGANIZATIONNAME = video;
				TargetAttributes = {
					56413D691D3C81CE008F07F2 = {
						CreatedOnToolsVersion = 7.3.1;
						DevelopmentTeam = 46FJ5HKR96;
					};
					56413D821D3C81CE008F07F2 = {
						CreatedOnToolsVersion = 7.3.1;
						TestTargetID = 56413D691D3C81CE008F07F2;
					};
					56413D8D1D3C81CE008F07F2 = {
						CreatedOnToolsVersion = 7.3.1;
						TestTargetID = 56413D691D3C81CE008F07F2;
					};
				};
			};
			buildConfigurationList = 56413D651D3C81CD008F07F2 /* Build configuration list for PBXProject "VideoPlay" */;
			compatibilityVersion = "Xcode 3.2";
			developmentRegion = English;
			hasScannedForEncodings = 0;
			knownRegions = (
				en,
				Base,
			);
			mainGroup = 56413D611D3C81CD008F07F2;
			productRefGroup = 56413D6B1D3C81CE008F07F2 /* Products */;
			projectDirPath = "";
			projectRoot = "";
			targets = (
				56413D691D3C81CE008F07F2 /* VideoPlay */,
				56413D821D3C81CE008F07F2 /* VideoPlayTests */,
				56413D8D1D3C81CE008F07F2 /* VideoPlayUITests */,
			);
		};
/* End PBXProject section */

/* Begin PBXResourcesBuildPhase section */
		56413D681D3C81CE008F07F2 /* Resources */ = {
			isa = PBXResourcesBuildPhase;
			buildActionMask = 2147483647;
			files = (
				56413DA71D3C8729008F07F2 /* Assets.xcassets in Resources */,
			);
			runOnlyForDeploymentPostprocessing = 0;
		};
		56413D811D3C81CE008F07F2 /* Resources */ = {
			isa = PBXResourcesBuildPhase;
			buildActionMask = 2147483647;
			files = (
			);
			runOnlyForDeploymentPostprocessing = 0;
		};
		56413D8C1D3C81CE008F07F2 /* Resources */ = {
			isa = PBXResourcesBuildPhase;
			buildActionMask = 2147483647;
			files = (
			);
			runOnlyForDeploymentPostprocessing = 0;
		};
/* End PBXResourcesBuildPhase section */

/* Begin PBXShellScriptBuildPhase section */
		AD532C913026B31F7592A59C /* 📦 Check Pods Manifest.lock */ = {
			isa = PBXShellScriptBuildPhase;
			buildActionMask = 2147483647;
			files = (
			);
			inputPaths = (
			);
			name = "📦 Check Pods Manifest.lock";
			outputPaths = (
			);
			runOnlyForDeploymentPostprocessing = 0;
			shellPath = /bin/sh;
			shellScript = "diff \"${PODS_ROOT}/../Podfile.lock\" \"${PODS_ROOT}/Manifest.lock\" > /dev/null\nif [[ $? != 0 ]] ; then\n    cat << EOM\nerror: The sandbox is not in sync with the Podfile.lock. Run 'pod install' or update your CocoaPods installation.\nEOM\n    exit 1\nfi\n";
			showEnvVarsInLog = 0;
		};
		D071A8736084565F7D55E244 /* 📦 Copy Pods Resources */ = {
			isa = PBXShellScriptBuildPhase;
			buildActionMask = 2147483647;
			files = (
			);
			inputPaths = (
			);
			name = "📦 Copy Pods Resources";
			outputPaths = (
			);
			runOnlyForDeploymentPostprocessing = 0;
			shellPath = /bin/sh;
			shellScript = "\"${SRCROOT}/../Pods/Target Support Files/Pods-VideoPlay/Pods-VideoPlay-resources.sh\"\n";
			showEnvVarsInLog = 0;
		};
		DEC0959348D8AEE7F6497288 /* 📦 Embed Pods Frameworks */ = {
			isa = PBXShellScriptBuildPhase;
			buildActionMask = 2147483647;
			files = (
			);
			inputPaths = (
			);
			name = "📦 Embed Pods Frameworks";
			outputPaths = (
			);
			runOnlyForDeploymentPostprocessing = 0;
			shellPath = /bin/sh;
			shellScript = "\"${SRCROOT}/../Pods/Target Support Files/Pods-VideoPlay/Pods-VideoPlay-frameworks.sh\"\n";
			showEnvVarsInLog = 0;
		};
/* End PBXShellScriptBuildPhase section */

/* Begin PBXSourcesBuildPhase section */
		56413D661D3C81CE008F07F2 /* Sources */ = {
			isa = PBXSourcesBuildPhase;
			buildActionMask = 2147483647;
			files = (
				56183AAD1D3F26810028CDCF /* EXCallbackHandle.m in Sources */,
				56183A9E1D3F1E530028CDCF /* NSBundle+EXtension.m in Sources */,
				56C681841D3DDEA3000F45C4 /* VDCustomPickerViewController.m in Sources */,
				56183AA21D3F1E530028CDCF /* NSString+EXtension.m in Sources */,
				56183AA31D3F1E530028CDCF /* UIColor+EXtension.m in Sources */,
				56183AA41D3F1E530028CDCF /* UIDevice+EXtension.m in Sources */,
				56183AA51D3F1E530028CDCF /* UIImage+EXtension.m in Sources */,
				56183A9F1D3F1E530028CDCF /* NSDate+EXtension.m in Sources */,
				56183AAA1D3F1E530028CDCF /* NSStringValidation.m in Sources */,
				56413DA91D3C8729008F07F2 /* VDImagePickerViewController.m in Sources */,
				56C681871D3DF424000F45C4 /* VDMKVideoViewController.m in Sources */,
				56C681811D3DDCFE000F45C4 /* VDVideoRecordListViewController.m in Sources */,
				56413D721D3C81CE008F07F2 /* AppDelegate.m in Sources */,
				56183AB21D3F30FB0028CDCF /* UIView+EXtension.m in Sources */,
				56C6818A1D3DF44C000F45C4 /* VDPostViewController.m in Sources */,
				56183A801D3F1A420028CDCF /* QNUploadFileManager.m in Sources */,
				56183AA61D3F1E530028CDCF /* UIScrollView+EXtention.m in Sources */,
				56183AA91D3F1E530028CDCF /* LocalPushCenter.m in Sources */,
				56183AA01D3F1E530028CDCF /* NSDictionary+EXtension.m in Sources */,
				56183AA81D3F1E530028CDCF /* EXFileManager.m in Sources */,
				56413D6F1D3C81CE008F07F2 /* main.m in Sources */,
			);
			runOnlyForDeploymentPostprocessing = 0;
		};
		56413D7F1D3C81CE008F07F2 /* Sources */ = {
			isa = PBXSourcesBuildPhase;
			buildActionMask = 2147483647;
			files = (
				56413D881D3C81CE008F07F2 /* VideoPlayTests.m in Sources */,
			);
			runOnlyForDeploymentPostprocessing = 0;
		};
		56413D8A1D3C81CE008F07F2 /* Sources */ = {
			isa = PBXSourcesBuildPhase;
			buildActionMask = 2147483647;
			files = (
				56413D931D3C81CE008F07F2 /* VideoPlayUITests.m in Sources */,
			);
			runOnlyForDeploymentPostprocessing = 0;
		};
/* End PBXSourcesBuildPhase section */

/* Begin PBXTargetDependency section */
		56413D851D3C81CE008F07F2 /* PBXTargetDependency */ = {
			isa = PBXTargetDependency;
			target = 56413D691D3C81CE008F07F2 /* VideoPlay */;
			targetProxy = 56413D841D3C81CE008F07F2 /* PBXContainerItemProxy */;
		};
		56413D901D3C81CE008F07F2 /* PBXTargetDependency */ = {
			isa = PBXTargetDependency;
			target = 56413D691D3C81CE008F07F2 /* VideoPlay */;
			targetProxy = 56413D8F1D3C81CE008F07F2 /* PBXContainerItemProxy */;
		};
/* End PBXTargetDependency section */

/* Begin XCBuildConfiguration section */
		56413D951D3C81CE008F07F2 /* Debug */ = {
			isa = XCBuildConfiguration;
			buildSettings = {
				ALWAYS_SEARCH_USER_PATHS = NO;
				CLANG_ANALYZER_NONNULL = YES;
				CLANG_CXX_LANGUAGE_STANDARD = "gnu++0x";
				CLANG_CXX_LIBRARY = "libc++";
				CLANG_ENABLE_MODULES = YES;
				CLANG_ENABLE_OBJC_ARC = YES;
				CLANG_WARN_BOOL_CONVERSION = YES;
				CLANG_WARN_CONSTANT_CONVERSION = YES;
				CLANG_WARN_DIRECT_OBJC_ISA_USAGE = YES_ERROR;
				CLANG_WARN_EMPTY_BODY = YES;
				CLANG_WARN_ENUM_CONVERSION = YES;
				CLANG_WARN_INT_CONVERSION = YES;
				CLANG_WARN_OBJC_ROOT_CLASS = YES_ERROR;
				CLANG_WARN_UNREACHABLE_CODE = YES;
				CLANG_WARN__DUPLICATE_METHOD_MATCH = YES;
				"CODE_SIGN_IDENTITY[sdk=iphoneos*]" = "iPhone Developer";
				COPY_PHASE_STRIP = NO;
				DEBUG_INFORMATION_FORMAT = dwarf;
				ENABLE_STRICT_OBJC_MSGSEND = YES;
				ENABLE_TESTABILITY = YES;
				GCC_C_LANGUAGE_STANDARD = gnu99;
				GCC_DYNAMIC_NO_PIC = NO;
				GCC_NO_COMMON_BLOCKS = YES;
				GCC_OPTIMIZATION_LEVEL = 0;
				GCC_PREPROCESSOR_DEFINITIONS = (
					"DEBUG=1",
					"$(inherited)",
				);
				GCC_WARN_64_TO_32_BIT_CONVERSION = YES;
				GCC_WARN_ABOUT_RETURN_TYPE = YES_ERROR;
				GCC_WARN_UNDECLARED_SELECTOR = YES;
				GCC_WARN_UNINITIALIZED_AUTOS = YES_AGGRESSIVE;
				GCC_WARN_UNUSED_FUNCTION = YES;
				GCC_WARN_UNUSED_VARIABLE = YES;
				IPHONEOS_DEPLOYMENT_TARGET = 9.3;
				MTL_ENABLE_DEBUG_INFO = YES;
				ONLY_ACTIVE_ARCH = YES;
				SDKROOT = iphoneos;
			};
			name = Debug;
		};
		56413D961D3C81CE008F07F2 /* Release */ = {
			isa = XCBuildConfiguration;
			buildSettings = {
				ALWAYS_SEARCH_USER_PATHS = NO;
				CLANG_ANALYZER_NONNULL = YES;
				CLANG_CXX_LANGUAGE_STANDARD = "gnu++0x";
				CLANG_CXX_LIBRARY = "libc++";
				CLANG_ENABLE_MODULES = YES;
				CLANG_ENABLE_OBJC_ARC = YES;
				CLANG_WARN_BOOL_CONVERSION = YES;
				CLANG_WARN_CONSTANT_CONVERSION = YES;
				CLANG_WARN_DIRECT_OBJC_ISA_USAGE = YES_ERROR;
				CLANG_WARN_EMPTY_BODY = YES;
				CLANG_WARN_ENUM_CONVERSION = YES;
				CLANG_WARN_INT_CONVERSION = YES;
				CLANG_WARN_OBJC_ROOT_CLASS = YES_ERROR;
				CLANG_WARN_UNREACHABLE_CODE = YES;
				CLANG_WARN__DUPLICATE_METHOD_MATCH = YES;
				"CODE_SIGN_IDENTITY[sdk=iphoneos*]" = "iPhone Developer";
				COPY_PHASE_STRIP = NO;
				DEBUG_INFORMATION_FORMAT = "dwarf-with-dsym";
				ENABLE_NS_ASSERTIONS = NO;
				ENABLE_STRICT_OBJC_MSGSEND = YES;
				GCC_C_LANGUAGE_STANDARD = gnu99;
				GCC_NO_COMMON_BLOCKS = YES;
				GCC_WARN_64_TO_32_BIT_CONVERSION = YES;
				GCC_WARN_ABOUT_RETURN_TYPE = YES_ERROR;
				GCC_WARN_UNDECLARED_SELECTOR = YES;
				GCC_WARN_UNINITIALIZED_AUTOS = YES_AGGRESSIVE;
				GCC_WARN_UNUSED_FUNCTION = YES;
				GCC_WARN_UNUSED_VARIABLE = YES;
				IPHONEOS_DEPLOYMENT_TARGET = 9.3;
				MTL_ENABLE_DEBUG_INFO = NO;
				SDKROOT = iphoneos;
				VALIDATE_PRODUCT = YES;
			};
			name = Release;
		};
		56413D981D3C81CE008F07F2 /* Debug */ = {
			isa = XCBuildConfiguration;
			baseConfigurationReference = 94AD31796E52A2C3269B098E /* Pods-VideoPlay.debug.xcconfig */;
			buildSettings = {
				ASSETCATALOG_COMPILER_APPICON_NAME = AppIcon;
				ASSETCATALOG_COMPILER_LAUNCHIMAGE_NAME = LaunchImage;
				CODE_SIGN_IDENTITY = "iPhone Developer";
				FRAMEWORK_SEARCH_PATHS = (
					"$(inherited)",
					"$(PROJECT_DIR)/VideoPlay/Vender",
				);
				GCC_PREFIX_HEADER = "$(SRCROOT)/VideoPlay/VideoPlay-PrefixHeader.pch";
				INFOPLIST_FILE = "$(SRCROOT)/VideoPlay/Resource/Info.plist";
				IPHONEOS_DEPLOYMENT_TARGET = 7.0;
				LD_RUNPATH_SEARCH_PATHS = "$(inherited) @executable_path/Frameworks";
				PRODUCT_BUNDLE_IDENTIFIER = com.video.play.VideoPlay;
				PRODUCT_NAME = "$(TARGET_NAME)";
			};
			name = Debug;
		};
		56413D991D3C81CE008F07F2 /* Release */ = {
			isa = XCBuildConfiguration;
			baseConfigurationReference = CE7FD921F8257B6C67308169 /* Pods-VideoPlay.release.xcconfig */;
			buildSettings = {
				ASSETCATALOG_COMPILER_APPICON_NAME = AppIcon;
				ASSETCATALOG_COMPILER_LAUNCHIMAGE_NAME = LaunchImage;
				CODE_SIGN_IDENTITY = "iPhone Developer";
				FRAMEWORK_SEARCH_PATHS = (
					"$(inherited)",
					"$(PROJECT_DIR)/VideoPlay/Vender",
				);
				GCC_PREFIX_HEADER = "$(SRCROOT)/VideoPlay/VideoPlay-PrefixHeader.pch";
				INFOPLIST_FILE = "$(SRCROOT)/VideoPlay/Resource/Info.plist";
				IPHONEOS_DEPLOYMENT_TARGET = 7.0;
				LD_RUNPATH_SEARCH_PATHS = "$(inherited) @executable_path/Frameworks";
				PRODUCT_BUNDLE_IDENTIFIER = com.video.play.VideoPlay;
				PRODUCT_NAME = "$(TARGET_NAME)";
			};
			name = Release;
		};
		56413D9B1D3C81CE008F07F2 /* Debug */ = {
			isa = XCBuildConfiguration;
			buildSettings = {
				BUNDLE_LOADER = "$(TEST_HOST)";
				INFOPLIST_FILE = VideoPlayTests/Info.plist;
				LD_RUNPATH_SEARCH_PATHS = "$(inherited) @executable_path/Frameworks @loader_path/Frameworks";
				PRODUCT_BUNDLE_IDENTIFIER = com.video.play.VideoPlayTests;
				PRODUCT_NAME = "$(TARGET_NAME)";
				TEST_HOST = "$(BUILT_PRODUCTS_DIR)/VideoPlay.app/VideoPlay";
			};
			name = Debug;
		};
		56413D9C1D3C81CE008F07F2 /* Release */ = {
			isa = XCBuildConfiguration;
			buildSettings = {
				BUNDLE_LOADER = "$(TEST_HOST)";
				INFOPLIST_FILE = VideoPlayTests/Info.plist;
				LD_RUNPATH_SEARCH_PATHS = "$(inherited) @executable_path/Frameworks @loader_path/Frameworks";
				PRODUCT_BUNDLE_IDENTIFIER = com.video.play.VideoPlayTests;
				PRODUCT_NAME = "$(TARGET_NAME)";
				TEST_HOST = "$(BUILT_PRODUCTS_DIR)/VideoPlay.app/VideoPlay";
			};
			name = Release;
		};
		56413D9E1D3C81CE008F07F2 /* Debug */ = {
			isa = XCBuildConfiguration;
			buildSettings = {
				INFOPLIST_FILE = VideoPlayUITests/Info.plist;
				LD_RUNPATH_SEARCH_PATHS = "$(inherited) @executable_path/Frameworks @loader_path/Frameworks";
				PRODUCT_BUNDLE_IDENTIFIER = com.video.play.VideoPlayUITests;
				PRODUCT_NAME = "$(TARGET_NAME)";
				TEST_TARGET_NAME = VideoPlay;
			};
			name = Debug;
		};
		56413D9F1D3C81CE008F07F2 /* Release */ = {
			isa = XCBuildConfiguration;
			buildSettings = {
				INFOPLIST_FILE = VideoPlayUITests/Info.plist;
				LD_RUNPATH_SEARCH_PATHS = "$(inherited) @executable_path/Frameworks @loader_path/Frameworks";
				PRODUCT_BUNDLE_IDENTIFIER = com.video.play.VideoPlayUITests;
				PRODUCT_NAME = "$(TARGET_NAME)";
				TEST_TARGET_NAME = VideoPlay;
			};
			name = Release;
		};
/* End XCBuildConfiguration section */

/* Begin XCConfigurationList section */
		56413D651D3C81CD008F07F2 /* Build configuration list for PBXProject "VideoPlay" */ = {
			isa = XCConfigurationList;
			buildConfigurations = (
				56413D951D3C81CE008F07F2 /* Debug */,
				56413D961D3C81CE008F07F2 /* Release */,
			);
			defaultConfigurationIsVisible = 0;
			defaultConfigurationName = Release;
		};
		56413D971D3C81CE008F07F2 /* Build configuration list for PBXNativeTarget "VideoPlay" */ = {
			isa = XCConfigurationList;
			buildConfigurations = (
				56413D981D3C81CE008F07F2 /* Debug */,
				56413D991D3C81CE008F07F2 /* Release */,
			);
			defaultConfigurationIsVisible = 0;
			defaultConfigurationName = Release;
		};
		56413D9A1D3C81CE008F07F2 /* Build configuration list for PBXNativeTarget "VideoPlayTests" */ = {
			isa = XCConfigurationList;
			buildConfigurations = (
				56413D9B1D3C81CE008F07F2 /* Debug */,
				56413D9C1D3C81CE008F07F2 /* Release */,
			);
			defaultConfigurationIsVisible = 0;
			defaultConfigurationName = Release;
		};
		56413D9D1D3C81CE008F07F2 /* Build configuration list for PBXNativeTarget "VideoPlayUITests" */ = {
			isa = XCConfigurationList;
			buildConfigurations = (
				56413D9E1D3C81CE008F07F2 /* Debug */,
				56413D9F1D3C81CE008F07F2 /* Release */,
			);
			defaultConfigurationIsVisible = 0;
			defaultConfigurationName = Release;
		};
/* End XCConfigurationList section */
	};
	rootObject = 56413D621D3C81CD008F07F2 /* Project object */;
}
